
Microsoft Visual Studio Solution File, Format Version 12.00
# Visual Studio Version 17
VisualStudioVersion = 17.13.35919.96 d17.13
MinimumVisualStudioVersion = 10.0.40219.1
Project("{FAE04EC0-301F-11D3-BF4B-00C04F79EFBC}") = "DSV Book a room", "DSV Book a room.csproj", "{322E0718-695F-46D6-83CD-85D0EAF71E36}"
EndProject
Global
	GlobalSection(SolutionConfigurationPlatforms) = preSolution
		Debug|Any CPU = Debug|Any CPU
		Release|Any CPU = Release|Any CPU
	EndGlobalSection
	GlobalSection(ProjectConfigurationPlatforms) = postSolution
		{322E0718-695F-46D6-83CD-85D0EAF71E36}.Debug|Any CPU.ActiveCfg = Debug|Any CPU
		{322E0718-695F-46D6-83CD-85D0EAF71E36}.Debug|Any CPU.Build.0 = Debug|Any CPU
		{322E0718-695F-46D6-83CD-85D0EAF71E36}.Release|Any CPU.ActiveCfg = Release|Any CPU
		{322E0718-695F-46D6-83CD-85D0EAF71E36}.Release|Any CPU.Build.0 = Release|Any CPU
	EndGlobalSection
	GlobalSection(SolutionProperties) = preSolution
		HideSolutionNode = FALSE
	EndGlobalSection
	GlobalSection(ExtensibilityGlobals) = postSolution
		SolutionGuid = {00334003-97AA-4584-8FDD-01A7C5723C25}
	EndGlobalSection
EndGlobal
